<?xml version="1.0" encoding="utf-8"?>
<Project ToolsVersion="4.0" xmlns="http://schemas.microsoft.com/developer/msbuild/2003">
  <ItemGroup>
    <Filter Include="Source Files">
      <UniqueIdentifier>{185a30ca-6aee-4e4c-9309-ca523462bf37}</UniqueIdentifier>
      <Extensions>cpp;c;cxx;rc;def;r;odl;idl;hpj;bat</Extensions>
    </Filter>
    <Filter Include="Header Files">
      <UniqueIdentifier>{6e704e7c-b3f4-4ab9-b61f-6bac71211470}</UniqueIdentifier>
      <Extensions>h;hpp;hxx;hm;inl</Extensions>
    </Filter>
    <Filter Include="Resource Files">
      <UniqueIdentifier>{d9ae7a49-df68-42c2-b131-f0369632c358}</UniqueIdentifier>
      <Extensions>ico;cur;bmp;dlg;rc2;rct;bin;rgs;gif;jpg;jpeg;jpe</Extensions>
    </Filter>
  </ItemGroup>
  <ItemGroup>
    <ClCompile Include="Source\TER.C">
      <Filter>Source Files</Filter>
    </ClCompile>
    <ClCompile Include="Source\TER1.C">
      <Filter>Source Files</Filter>
    </ClCompile>
    <ClCompile Include="Source\TER2.C">
      <Filter>Source Files</Filter>
    </ClCompile>
    <ClCompile Include="Source\TER3.C">
      <Filter>Source Files</Filter>
    </ClCompile>
    <ClCompile Include="Source\TER4.C">
      <Filter>Source Files</Filter>
    </ClCompile>
    <ClCompile Include="Source\TER_BAR.C">
      <Filter>Source Files</Filter>
    </ClCompile>
    <ClCompile Include="Source\TER_BLK.C">
      <Filter>Source Files</Filter>
    </ClCompile>
    <ClCompile Include="Source\ter_blk1.c">
      <Filter>Source Files</Filter>
    </ClCompile>
    <ClCompile Include="Source\TER_CTL.C">
      <Filter>Source Files</Filter>
    </ClCompile>
    <ClCompile Include="Source\TER_DLG.C">
      <Filter>Source Files</Filter>
    </ClCompile>
    <ClCompile Include="Source\TER_DRAG.C">
      <Filter>Source Files</Filter>
    </ClCompile>
    <ClCompile Include="Source\TER_DRAW.C">
      <Filter>Source Files</Filter>
    </ClCompile>
    <ClCompile Include="Source\ter_drg.c">
      <Filter>Source Files</Filter>
    </ClCompile>
    <ClCompile Include="Source\TER_FMT.C">
      <Filter>Source Files</Filter>
    </ClCompile>
    <ClCompile Include="Source\TER_FMT1.C">
      <Filter>Source Files</Filter>
    </ClCompile>
    <ClCompile Include="Source\TER_FMT2.C">
      <Filter>Source Files</Filter>
    </ClCompile>
    <ClCompile Include="Source\TER_FRM.C">
      <Filter>Source Files</Filter>
    </ClCompile>
    <ClCompile Include="Source\TER_FRM1.C">
      <Filter>Source Files</Filter>
    </ClCompile>
    <ClCompile Include="Source\TER_FRM2.C">
      <Filter>Source Files</Filter>
    </ClCompile>
    <ClCompile Include="Source\ter_img.c">
      <Filter>Source Files</Filter>
    </ClCompile>
    <ClCompile Include="Source\TER_INIT.C">
      <Filter>Source Files</Filter>
    </ClCompile>
    <ClCompile Include="Source\TER_IO.C">
      <Filter>Source Files</Filter>
    </ClCompile>
    <ClCompile Include="Source\TER_MISC.C">
      <Filter>Source Files</Filter>
    </ClCompile>
    <ClCompile Include="Source\TER_OLE.C">
      <Filter>Source Files</Filter>
    </ClCompile>
    <ClCompile Include="Source\TER_PAG1.C">
      <Filter>Source Files</Filter>
    </ClCompile>
    <ClCompile Include="Source\TER_PAGE.C">
      <Filter>Source Files</Filter>
    </ClCompile>
    <ClCompile Include="Source\ter_par.c">
      <Filter>Source Files</Filter>
    </ClCompile>
    <ClCompile Include="Source\ter_pdf.c">
      <Filter>Source Files</Filter>
    </ClCompile>
    <ClCompile Include="Source\ter_prt.c">
      <Filter>Source Files</Filter>
    </ClCompile>
    <ClCompile Include="Source\TER_RTF.C">
      <Filter>Source Files</Filter>
    </ClCompile>
    <ClCompile Include="Source\TER_RTF1.C">
      <Filter>Source Files</Filter>
    </ClCompile>
    <ClCompile Include="Source\ter_rtf2.c">
      <Filter>Source Files</Filter>
    </ClCompile>
    <ClCompile Include="Source\TER_RTF3.C">
      <Filter>Source Files</Filter>
    </ClCompile>
    <ClCompile Include="Source\ter_rtf4.c">
      <Filter>Source Files</Filter>
    </ClCompile>
    <ClCompile Include="Source\TER_SPL.C">
      <Filter>Source Files</Filter>
    </ClCompile>
    <ClCompile Include="Source\TER_TBL.C">
      <Filter>Source Files</Filter>
    </ClCompile>
    <ClCompile Include="Source\TER_TBL1.C">
      <Filter>Source Files</Filter>
    </ClCompile>
    <ClCompile Include="Source\ter_tbl2.c">
      <Filter>Source Files</Filter>
    </ClCompile>
    <ClCompile Include="Source\ter_trk.c">
      <Filter>Source Files</Filter>
    </ClCompile>
    <ClCompile Include="Source\TER_WRAP.C">
      <Filter>Source Files</Filter>
    </ClCompile>
  </ItemGroup>
  <ItemGroup>
    <ResourceCompile Include="Source\TER.RC">
      <Filter>Source Files</Filter>
    </ResourceCompile>
  </ItemGroup>
  <ItemGroup>
    <None Include="Source\XPubRtfCtrl.def">
      <Filter>Source Files</Filter>
    </None>
    <None Include="Source\Ter_din.cur">
      <Filter>Resource Files</Filter>
    </None>
    <None Include="Source\ter_dout.cur">
      <Filter>Resource Files</Filter>
    </None>
    <None Include="Source\ter_horz.cur">
      <Filter>Resource Files</Filter>
    </None>
    <None Include="Source\TER_LINK.CUR">
      <Filter>Resource Files</Filter>
    </None>
    <None Include="Source\TER_PLUS.CUR">
      <Filter>Resource Files</Filter>
    </None>
    <None Include="Source\TER_TAB1.CUR">
      <Filter>Resource Files</Filter>
    </None>
    <None Include="Source\TER_TBL1.CUR">
      <Filter>Resource Files</Filter>
    </None>
    <None Include="Source\Ter_tbl2.cur">
      <Filter>Resource Files</Filter>
    </None>
    <None Include="Source\ter_tbl3.cur">
      <Filter>Resource Files</Filter>
    </None>
    <None Include="Source\ter_tlb.bmp">
      <Filter>Resource Files</Filter>
    </None>
    <None Include="Source\ter_whl1.cur">
      <Filter>Resource Files</Filter>
    </None>
    <None Include="Source\ter_whl2.cur">
      <Filter>Resource Files</Filter>
    </None>
    <None Include="Source\ter_whl3.cur">
      <Filter>Resource Files</Filter>
    </None>
  </ItemGroup>
  <ItemGroup>
    <ClInclude Include="TER.H">
      <Filter>Header Files</Filter>
    </ClInclude>
    <ClInclude Include="Source\TER1.H">
      <Filter>Header Files</Filter>
    </ClInclude>
    <ClInclude Include="TER_CMD.H">
      <Filter>Header Files</Filter>
    </ClInclude>
    <ClInclude Include="Source\TER_DEF.H">
      <Filter>Header Files</Filter>
    </ClInclude>
    <ClInclude Include="Source\TER_DLG.H">
      <Filter>Header Files</Filter>
    </ClInclude>
    <ClInclude Include="Source\TER_HDR.H">
      <Filter>Header Files</Filter>
    </ClInclude>
    <ClInclude Include="Source\ter_msg.h">
      <Filter>Header Files</Filter>
    </ClInclude>
    <ClInclude Include="Source\ter_pdf.h">
      <Filter>Header Files</Filter>
    </ClInclude>
    <ClInclude Include="Source\ter_prot.h">
      <Filter>Header Files</Filter>
    </ClInclude>
  </ItemGroup>
</Project>