Microsoft Visual Studio Solution File, Format Version 8.00
Project("{8BC9CEB8-8B4A-11D0-8D11-00A0C91BC942}") = "XPubTagBuilder", "XPubTagBuilder.vcproj", "{6836631D-B2D7-4D43-8E52-D16EFA85A914}"
	ProjectSection(ProjectDependencies) = postProject
		{21D05F6F-A865-4A49-9843-EC23653E3CBB} = {21D05F6F-A865-4A49-9843-EC23653E3CBB}
		{A9F8BFF4-C7D4-4D1B-834B-42CFC5880D49} = {A9F8BFF4-C7D4-4D1B-834B-42CFC5880D49}
	EndProjectSection
EndProject
Project("{8BC9CEB8-8B4A-11D0-8D11-00A0C91BC942}") = "XPubModel", "..\XPubModel\XPubModel.vcproj", "{A9F8BFF4-C7D4-4D1B-834B-42CFC5880D49}"
	ProjectSection(ProjectDependencies) = postProject
		{C49B1A17-890C-4722-8F70-B186BE83242E} = {C49B1A17-890C-4722-8F70-B186BE83242E}
	EndProjectSection
EndProject
Project("{8BC9CEB8-8B4A-11D0-8D11-00A0C91BC942}") = "XPubAddOnMan", "..\XPubAddOnMan\XPubAddOnMan.vcproj", "{21D05F6F-A865-4A49-9843-EC23653E3CBB}"
	ProjectSection(ProjectDependencies) = postProject
		{C49B1A17-890C-4722-8F70-B186BE83242E} = {C49B1A17-890C-4722-8F70-B186BE83242E}
		{A9F8BFF4-C7D4-4D1B-834B-42CFC5880D49} = {A9F8BFF4-C7D4-4D1B-834B-42CFC5880D49}
	EndProjectSection
EndProject
Project("{8BC9CEB8-8B4A-11D0-8D11-00A0C91BC942}") = "XPubTools", "..\XPubTools\XPubTools.vcproj", "{C49B1A17-890C-4722-8F70-B186BE83242E}"
	ProjectSection(ProjectDependencies) = postProject
	EndProjectSection
EndProject
Global
	GlobalSection(SolutionConfiguration) = preSolution
		Debug = Debug
		Release = Release
	EndGlobalSection
	GlobalSection(ProjectConfiguration) = postSolution
		{6836631D-B2D7-4D43-8E52-D16EFA85A914}.Debug.ActiveCfg = Debug|Win32
		{6836631D-B2D7-4D43-8E52-D16EFA85A914}.Debug.Build.0 = Debug|Win32
		{6836631D-B2D7-4D43-8E52-D16EFA85A914}.Release.ActiveCfg = Release|Win32
		{6836631D-B2D7-4D43-8E52-D16EFA85A914}.Release.Build.0 = Release|Win32
		{A9F8BFF4-C7D4-4D1B-834B-42CFC5880D49}.Debug.ActiveCfg = Debug|Win32
		{A9F8BFF4-C7D4-4D1B-834B-42CFC5880D49}.Debug.Build.0 = Debug|Win32
		{A9F8BFF4-C7D4-4D1B-834B-42CFC5880D49}.Release.ActiveCfg = Release|Win32
		{A9F8BFF4-C7D4-4D1B-834B-42CFC5880D49}.Release.Build.0 = Release|Win32
		{21D05F6F-A865-4A49-9843-EC23653E3CBB}.Debug.ActiveCfg = Debug|Win32
		{21D05F6F-A865-4A49-9843-EC23653E3CBB}.Debug.Build.0 = Debug|Win32
		{21D05F6F-A865-4A49-9843-EC23653E3CBB}.Release.ActiveCfg = Release|Win32
		{21D05F6F-A865-4A49-9843-EC23653E3CBB}.Release.Build.0 = Release|Win32
		{C49B1A17-890C-4722-8F70-B186BE83242E}.Debug.ActiveCfg = Debug|Win32
		{C49B1A17-890C-4722-8F70-B186BE83242E}.Debug.Build.0 = Debug|Win32
		{C49B1A17-890C-4722-8F70-B186BE83242E}.Release.ActiveCfg = Release|Win32
		{C49B1A17-890C-4722-8F70-B186BE83242E}.Release.Build.0 = Release|Win32
	EndGlobalSection
	GlobalSection(ExtensibilityGlobals) = postSolution
	EndGlobalSection
	GlobalSection(ExtensibilityAddIns) = postSolution
	EndGlobalSection
EndGlobal
