Microsoft Visual Studio Solution File, Format Version 8.00
Project("{8BC9CEB8-8B4A-11D0-8D11-00A0C91BC942}") = "XPubZip", "XPubZip2005.vcproj", "{8063CA15-82D2-40E5-BA98-249BA64765EE}"
	ProjectSection(ProjectDependencies) = postProject
	EndProjectSection
EndProject
Global
	GlobalSection(SolutionConfiguration) = preSolution
		Debug = Debug
		Release = Release
	EndGlobalSection
	GlobalSection(ProjectConfiguration) = postSolution
		{8063CA15-82D2-40E5-BA98-249BA64765EE}.Debug.ActiveCfg = Debug|Win32
		{8063CA15-82D2-40E5-BA98-249BA64765EE}.Debug.Build.0 = Debug|Win32
		{8063CA15-82D2-40E5-BA98-249BA64765EE}.Release.ActiveCfg = Release|Win32
		{8063CA15-82D2-40E5-BA98-249BA64765EE}.Release.Build.0 = Release|Win32
	EndGlobalSection
	GlobalSection(ExtensibilityGlobals) = postSolution
	EndGlobalSection
	GlobalSection(ExtensibilityAddIns) = postSolution
	EndGlobalSection
EndGlobal
