<?xml version="1.0" encoding="utf-8"?>
<Project ToolsVersion="4.0" xmlns="http://schemas.microsoft.com/developer/msbuild/2003">
  <ItemGroup>
    <Filter Include="Source Files">
      <UniqueIdentifier>{4FC737F1-C7A5-4376-A066-2A32D752A2FF}</UniqueIdentifier>
      <Extensions>cpp;c;cxx;def;odl;idl;hpj;bat;asm;asmx</Extensions>
    </Filter>
    <Filter Include="Header Files">
      <UniqueIdentifier>{93995380-89BD-4b04-88EB-625FBE52EBFB}</UniqueIdentifier>
      <Extensions>h;hpp;hxx;hm;inl;inc;xsd</Extensions>
    </Filter>
    <Filter Include="Resource Files">
      <UniqueIdentifier>{67DA6AB6-F800-4c08-8B7A-83BB121AAD01}</UniqueIdentifier>
      <Extensions>rc;ico;cur;bmp;dlg;rc2;rct;bin;rgs;gif;jpg;jpeg;jpe;resx</Extensions>
    </Filter>
    <Filter Include="SZip">
      <UniqueIdentifier>{f88033d7-4bf1-47ce-a3fa-73695b5ed6d1}</UniqueIdentifier>
    </Filter>
    <Filter Include="SZip\zlib">
      <UniqueIdentifier>{c296fd47-33ea-478b-93e2-f55f90a18a06}</UniqueIdentifier>
    </Filter>
    <Filter Include="SXPubZip">
      <UniqueIdentifier>{1b182eac-ced1-4aa5-8753-c48f34c5a620}</UniqueIdentifier>
    </Filter>
  </ItemGroup>
  <ItemGroup>
    <ClCompile Include="stdafx.cpp">
      <Filter>Source Files</Filter>
    </ClCompile>
    <ClCompile Include="XPubZip.cpp">
      <Filter>Source Files</Filter>
    </ClCompile>
    <ClCompile Include="SZip\Aes.cpp">
      <Filter>SZip</Filter>
    </ClCompile>
    <ClCompile Include="SZip\BaseLibCompressor.cpp">
      <Filter>SZip</Filter>
    </ClCompile>
    <ClCompile Include="SZip\Bzip2Compressor.cpp">
      <Filter>SZip</Filter>
    </ClCompile>
    <ClCompile Include="SZip\DeflateCompressor.cpp">
      <Filter>SZip</Filter>
    </ClCompile>
    <ClCompile Include="SZip\DirEnumerator.cpp">
      <Filter>SZip</Filter>
    </ClCompile>
    <ClCompile Include="SZip\FileFilter.cpp">
      <Filter>SZip</Filter>
    </ClCompile>
    <ClCompile Include="SZip\Hmac.cpp">
      <Filter>SZip</Filter>
    </ClCompile>
    <ClCompile Include="SZip\RandomPool.cpp">
      <Filter>SZip</Filter>
    </ClCompile>
    <ClCompile Include="SZip\Sha1.cpp">
      <Filter>SZip</Filter>
    </ClCompile>
    <ClCompile Include="SZip\Wildcard.cpp">
      <Filter>SZip</Filter>
    </ClCompile>
    <ClCompile Include="SZip\ZipAesCryptograph.cpp">
      <Filter>SZip</Filter>
    </ClCompile>
    <ClCompile Include="SZip\ZipArchive.cpp">
      <Filter>SZip</Filter>
    </ClCompile>
    <ClCompile Include="SZip\ZipAutoBuffer.cpp">
      <Filter>SZip</Filter>
    </ClCompile>
    <ClCompile Include="SZip\ZipCentralDir.cpp">
      <Filter>SZip</Filter>
    </ClCompile>
    <ClCompile Include="SZip\ZipCompatibility.cpp">
      <Filter>SZip</Filter>
    </ClCompile>
    <ClCompile Include="SZip\ZipCompressor.cpp">
      <Filter>SZip</Filter>
    </ClCompile>
    <ClCompile Include="SZip\ZipCrc32Cryptograph.cpp">
      <Filter>SZip</Filter>
    </ClCompile>
    <ClCompile Include="SZip\ZipCryptograph.cpp">
      <Filter>SZip</Filter>
    </ClCompile>
    <ClCompile Include="SZip\ZipException.cpp">
      <Filter>SZip</Filter>
    </ClCompile>
    <ClCompile Include="SZip\ZipExtraData.cpp">
      <Filter>SZip</Filter>
    </ClCompile>
    <ClCompile Include="SZip\ZipExtraField.cpp">
      <Filter>SZip</Filter>
    </ClCompile>
    <ClCompile Include="SZip\ZipFile_mfc.cpp">
      <Filter>SZip</Filter>
    </ClCompile>
    <ClCompile Include="SZip\ZipFile_stl.cpp">
      <Filter>SZip</Filter>
    </ClCompile>
    <ClCompile Include="SZip\ZipFile_win.cpp">
      <Filter>SZip</Filter>
    </ClCompile>
    <ClCompile Include="SZip\ZipFileHeader.cpp">
      <Filter>SZip</Filter>
    </ClCompile>
    <ClCompile Include="SZip\ZipMemFile.cpp">
      <Filter>SZip</Filter>
    </ClCompile>
    <ClCompile Include="SZip\ZipPathComponent_lnx.cpp">
      <Filter>SZip</Filter>
    </ClCompile>
    <ClCompile Include="SZip\ZipPathComponent_win.cpp">
      <Filter>SZip</Filter>
    </ClCompile>
    <ClCompile Include="SZip\ZipPlatform_lnx.cpp">
      <Filter>SZip</Filter>
    </ClCompile>
    <ClCompile Include="SZip\ZipPlatform_win.cpp">
      <Filter>SZip</Filter>
    </ClCompile>
    <ClCompile Include="SZip\ZipPlatformComm.cpp">
      <Filter>SZip</Filter>
    </ClCompile>
    <ClCompile Include="SZip\ZipStorage.cpp">
      <Filter>SZip</Filter>
    </ClCompile>
    <ClCompile Include="SZip\ZipString.cpp">
      <Filter>SZip</Filter>
    </ClCompile>
    <ClCompile Include="SZip\zlib\adler32.c">
      <Filter>SZip\zlib</Filter>
    </ClCompile>
    <ClCompile Include="SZip\zlib\compress.c">
      <Filter>SZip\zlib</Filter>
    </ClCompile>
    <ClCompile Include="SZip\zlib\crc32.c">
      <Filter>SZip\zlib</Filter>
    </ClCompile>
    <ClCompile Include="SZip\zlib\deflate.c">
      <Filter>SZip\zlib</Filter>
    </ClCompile>
    <ClCompile Include="SZip\zlib\infback.c">
      <Filter>SZip\zlib</Filter>
    </ClCompile>
    <ClCompile Include="SZip\zlib\inffast.c">
      <Filter>SZip\zlib</Filter>
    </ClCompile>
    <ClCompile Include="SZip\zlib\inflate.c">
      <Filter>SZip\zlib</Filter>
    </ClCompile>
    <ClCompile Include="SZip\zlib\inftrees.c">
      <Filter>SZip\zlib</Filter>
    </ClCompile>
    <ClCompile Include="SZip\zlib\trees.c">
      <Filter>SZip\zlib</Filter>
    </ClCompile>
    <ClCompile Include="SZip\zlib\uncompr.c">
      <Filter>SZip\zlib</Filter>
    </ClCompile>
    <ClCompile Include="SZip\zlib\zutil.c">
      <Filter>SZip\zlib</Filter>
    </ClCompile>
    <ClCompile Include="SXPubZip\XZip.cpp">
      <Filter>SXPubZip</Filter>
    </ClCompile>
  </ItemGroup>
  <ItemGroup>
    <None Include="XPubZip.def">
      <Filter>Source Files</Filter>
    </None>
    <None Include="res\XPubZip.rc2">
      <Filter>Resource Files</Filter>
    </None>
    <None Include="SZip\zlib\zlib.def">
      <Filter>SZip\zlib</Filter>
    </None>
    <None Include="ReadMe.txt" />
  </ItemGroup>
  <ItemGroup>
    <ClInclude Include="Resource.h">
      <Filter>Header Files</Filter>
    </ClInclude>
    <ClInclude Include="stdafx.h">
      <Filter>Header Files</Filter>
    </ClInclude>
    <ClInclude Include="XPubZipDefines.h">
      <Filter>Header Files</Filter>
    </ClInclude>
    <ClInclude Include="SZip\_features.h">
      <Filter>SZip</Filter>
    </ClInclude>
    <ClInclude Include="SZip\_platform.h">
      <Filter>SZip</Filter>
    </ClInclude>
    <ClInclude Include="SZip\ZipFileMapping_win.h">
      <Filter>SZip</Filter>
    </ClInclude>
    <ClInclude Include="SZip\ZipPathComponent.h">
      <Filter>SZip</Filter>
    </ClInclude>
    <ClInclude Include="SZip\ZipPlatform.h">
      <Filter>SZip</Filter>
    </ClInclude>
    <ClInclude Include="SZip\zlib\crc32.h">
      <Filter>SZip\zlib</Filter>
    </ClInclude>
    <ClInclude Include="SZip\zlib\deflate.h">
      <Filter>SZip\zlib</Filter>
    </ClInclude>
    <ClInclude Include="SZip\zlib\inffast.h">
      <Filter>SZip\zlib</Filter>
    </ClInclude>
    <ClInclude Include="SZip\zlib\inffixed.h">
      <Filter>SZip\zlib</Filter>
    </ClInclude>
    <ClInclude Include="SZip\zlib\inflate.h">
      <Filter>SZip\zlib</Filter>
    </ClInclude>
    <ClInclude Include="SZip\zlib\inftrees.h">
      <Filter>SZip\zlib</Filter>
    </ClInclude>
    <ClInclude Include="SZip\zlib\trees.h">
      <Filter>SZip\zlib</Filter>
    </ClInclude>
    <ClInclude Include="SZip\zlib\zconf.h">
      <Filter>SZip\zlib</Filter>
    </ClInclude>
    <ClInclude Include="SZip\zlib\zlib.h">
      <Filter>SZip\zlib</Filter>
    </ClInclude>
    <ClInclude Include="SZip\zlib\zutil.h">
      <Filter>SZip\zlib</Filter>
    </ClInclude>
    <ClInclude Include="SXPubZip\XPubZipExpImp.h">
      <Filter>SXPubZip</Filter>
    </ClInclude>
    <ClInclude Include="SXPubZip\XZip.h">
      <Filter>SXPubZip</Filter>
    </ClInclude>
  </ItemGroup>
  <ItemGroup>
    <ResourceCompile Include="XPubZip.rc">
      <Filter>Resource Files</Filter>
    </ResourceCompile>
  </ItemGroup>
</Project>