<?xml version="1.0" encoding="utf-8"?>
<Project ToolsVersion="4.0" xmlns="http://schemas.microsoft.com/developer/msbuild/2003">
  <ItemGroup>
    <Filter Include="Source Files">
      <UniqueIdentifier>{e26dd28c-8a18-4836-af20-0fe4d0fa6823}</UniqueIdentifier>
      <Extensions>cpp;c;cxx;def;odl;idl;hpj;bat;asm</Extensions>
    </Filter>
    <Filter Include="Header Files">
      <UniqueIdentifier>{dd860ebc-11c7-426a-a2ff-766c976b19aa}</UniqueIdentifier>
      <Extensions>h;hpp;hxx;hm;inl;inc</Extensions>
    </Filter>
    <Filter Include="Resource Files">
      <UniqueIdentifier>{b841421e-d7be-4cc3-a1ec-4b959c3ed32a}</UniqueIdentifier>
      <Extensions>rc;ico;cur;bmp;dlg;rc2;rct;bin;rgs;gif;jpg;jpeg;jpe</Extensions>
    </Filter>
    <Filter Include="SAddOn">
      <UniqueIdentifier>{1664ab46-05d3-488b-9ff6-6ef6f9b123b7}</UniqueIdentifier>
    </Filter>
  </ItemGroup>
  <ItemGroup>
    <ClCompile Include="XPubCnvTRtf.cpp">
      <Filter>Source Files</Filter>
    </ClCompile>
    <ClCompile Include="SAddOn\ConvertWorkerTRtf.cpp">
      <Filter>SAddOn</Filter>
    </ClCompile>
  </ItemGroup>
  <ItemGroup>
    <None Include="XPubCnvTRtf.def">
      <Filter>Source Files</Filter>
    </None>
    <None Include="res\XPubCnvTRtf.rc2">
      <Filter>Resource Files</Filter>
    </None>
    <None Include="ReadMe.txt" />
  </ItemGroup>
  <ItemGroup>
    <ClInclude Include="Resource.h">
      <Filter>Header Files</Filter>
    </ClInclude>
    <ClInclude Include="SAddOn\CnvTRtfExpImp.h">
      <Filter>SAddOn</Filter>
    </ClInclude>
    <ClInclude Include="SAddOn\ConvertWorkerTRtf.h">
      <Filter>SAddOn</Filter>
    </ClInclude>
  </ItemGroup>
  <ItemGroup>
    <ResourceCompile Include="XPubCnvTRtf.rc">
      <Filter>Resource Files</Filter>
    </ResourceCompile>
  </ItemGroup>
</Project>