<?xml version="1.0" encoding="utf-8"?>
<Project ToolsVersion="4.0" xmlns="http://schemas.microsoft.com/developer/msbuild/2003">
  <ItemGroup>
    <Filter Include="Source Files">
      <UniqueIdentifier>{a09abca3-082a-4acf-ac36-1949868f46f1}</UniqueIdentifier>
      <Extensions>cpp;c;cxx;def;odl;idl;hpj;bat;asm</Extensions>
    </Filter>
    <Filter Include="Header Files">
      <UniqueIdentifier>{da8d79c6-4ab7-422a-a999-3c1141d81b50}</UniqueIdentifier>
      <Extensions>h;hpp;hxx;hm;inl;inc</Extensions>
    </Filter>
    <Filter Include="Resource Files">
      <UniqueIdentifier>{b413c07f-cec6-4082-8f06-b7165f1598df}</UniqueIdentifier>
      <Extensions>rc;ico;cur;bmp;dlg;rc2;rct;bin;rgs;gif;jpg;jpeg;jpe</Extensions>
    </Filter>
  </ItemGroup>
  <ItemGroup>
    <ClCompile Include="stdafx.cpp">
      <Filter>Source Files</Filter>
    </ClCompile>
    <ClCompile Include="XPicture.cpp">
      <Filter>Source Files</Filter>
    </ClCompile>
    <ClCompile Include="XPictureInfo.cpp">
      <Filter>Source Files</Filter>
    </ClCompile>
    <ClCompile Include="XPubMagic.cpp">
      <Filter>Source Files</Filter>
    </ClCompile>
    <ClCompile Include="XPubMagicInit.cpp">
      <Filter>Source Files</Filter>
    </ClCompile>
  </ItemGroup>
  <ItemGroup>
    <None Include="XPubMagic.def">
      <Filter>Source Files</Filter>
    </None>
    <None Include="colors.mgk" />
    <None Include="log.mgk" />
    <None Include="magic.mgk" />
    <None Include="modules.mgk" />
  </ItemGroup>
  <ItemGroup>
    <ClInclude Include="MagicExpImp.h">
      <Filter>Header Files</Filter>
    </ClInclude>
    <ClInclude Include="resource.h">
      <Filter>Header Files</Filter>
    </ClInclude>
    <ClInclude Include="stdafx.h">
      <Filter>Header Files</Filter>
    </ClInclude>
    <ClInclude Include="XPicture.h">
      <Filter>Header Files</Filter>
    </ClInclude>
    <ClInclude Include="XPictureInfo.h">
      <Filter>Header Files</Filter>
    </ClInclude>
    <ClInclude Include="XPubMagicInit.h">
      <Filter>Header Files</Filter>
    </ClInclude>
  </ItemGroup>
  <ItemGroup>
    <ResourceCompile Include="XPubMagic.rc">
      <Filter>Resource Files</Filter>
    </ResourceCompile>
  </ItemGroup>
</Project>