<?xml version="1.0" encoding="utf-8"?>
<Project ToolsVersion="4.0" xmlns="http://schemas.microsoft.com/developer/msbuild/2003">
  <ItemGroup>
    <Filter Include="Source Files">
      <UniqueIdentifier>{f9e7caa7-bd60-4cf0-a213-50cc97461969}</UniqueIdentifier>
      <Extensions>cpp;c;cxx;def;odl;idl;hpj;bat;asm</Extensions>
    </Filter>
    <Filter Include="Header Files">
      <UniqueIdentifier>{a92d9faa-cf1b-477f-9bb5-f1e6e11c3573}</UniqueIdentifier>
      <Extensions>h;hpp;hxx;hm;inl;inc</Extensions>
    </Filter>
    <Filter Include="Resource Files">
      <UniqueIdentifier>{ef252ccf-fd47-4849-aedf-ca674e520421}</UniqueIdentifier>
      <Extensions>rc;ico;cur;bmp;dlg;rc2;rct;bin;rgs;gif;jpg;jpeg;jpe</Extensions>
    </Filter>
    <Filter Include="SAddOn">
      <UniqueIdentifier>{7397268d-2403-4f54-a098-f3f44f8e6996}</UniqueIdentifier>
    </Filter>
  </ItemGroup>
  <ItemGroup>
    <ClCompile Include="stdafx.cpp">
      <Filter>Source Files</Filter>
    </ClCompile>
    <ClCompile Include="XPubCnvFTag.cpp">
      <Filter>Source Files</Filter>
    </ClCompile>
    <ClCompile Include="SAddOn\ConvertWorkerFTag.cpp">
      <Filter>SAddOn</Filter>
    </ClCompile>
  </ItemGroup>
  <ItemGroup>
    <None Include="XPubCnvFTag.def">
      <Filter>Source Files</Filter>
    </None>
    <None Include="res\XPubCnvFTag.rc2">
      <Filter>Resource Files</Filter>
    </None>
    <None Include="ReadMe.txt" />
  </ItemGroup>
  <ItemGroup>
    <ClInclude Include="Resource.h">
      <Filter>Header Files</Filter>
    </ClInclude>
    <ClInclude Include="stdafx.h">
      <Filter>Header Files</Filter>
    </ClInclude>
    <ClInclude Include="SAddOn\CnvFTagExpImp.h">
      <Filter>SAddOn</Filter>
    </ClInclude>
    <ClInclude Include="SAddOn\ConvertWorkerFTag.h">
      <Filter>SAddOn</Filter>
    </ClInclude>
  </ItemGroup>
  <ItemGroup>
    <ResourceCompile Include="XPubCnvFTag.rc">
      <Filter>Resource Files</Filter>
    </ResourceCompile>
  </ItemGroup>
</Project>