Microsoft Visual Studio Solution File, Format Version 10.00
# Visual Studio 2008
Project("{8BC9CEB8-8B4A-11D0-8D11-00A0C91BC942}") = "XPubTagStd", "XPubTagStd90.vcproj", "{D3BF3A91-B93A-4181-971E-0B7B4FE1EFB6}"
	ProjectSection(ProjectDependencies) = postProject
		{B809AC08-437E-4255-BF92-C015F14DCEFA} = {B809AC08-437E-4255-BF92-C015F14DCEFA}
		{4C1C0629-C65E-4595-8CAD-4C4981FE6B51} = {4C1C0629-C65E-4595-8CAD-4C4981FE6B51}
		{410F7652-C14D-4E32-AD36-5A2A45EB19D8} = {410F7652-C14D-4E32-AD36-5A2A45EB19D8}
		{231D2E5A-E7E2-4729-9272-0C7D14E81FE5} = {231D2E5A-E7E2-4729-9272-0C7D14E81FE5}
		{9BB0FD67-0048-4130-9644-23A5AB02C5F1} = {9BB0FD67-0048-4130-9644-23A5AB02C5F1}
		{BA2AC776-BE29-4685-8665-E43AAD55B41A} = {BA2AC776-BE29-4685-8665-E43AAD55B41A}
		{5E103BAC-CB2E-42A3-8801-CB1FF8D0CCED} = {5E103BAC-CB2E-42A3-8801-CB1FF8D0CCED}
		{E17D15BB-9480-4697-8788-E01F3E4570B3} = {E17D15BB-9480-4697-8788-E01F3E4570B3}
		{80CB24D2-F6EF-4868-BF60-EC19002A8E96} = {80CB24D2-F6EF-4868-BF60-EC19002A8E96}
		{84534FD8-5484-43C8-862A-E670559F084A} = {84534FD8-5484-43C8-862A-E670559F084A}
		{317A38DB-F326-4C39-B0E5-AEABCC5F1AB9} = {317A38DB-F326-4C39-B0E5-AEABCC5F1AB9}
		{59F591ED-BC28-4C53-A872-6EF84DD596D4} = {59F591ED-BC28-4C53-A872-6EF84DD596D4}
	EndProjectSection
EndProject
Project("{8BC9CEB8-8B4A-11D0-8D11-00A0C91BC942}") = "libpng", "..\XPubPDF\libpng\libpng90.vcproj", "{317A38DB-F326-4C39-B0E5-AEABCC5F1AB9}"
EndProject
Project("{8BC9CEB8-8B4A-11D0-8D11-00A0C91BC942}") = "XPubAddOnManLib90", "..\XPubAddOnMan\XPubAddOnManLib90.vcproj", "{BA2AC776-BE29-4685-8665-E43AAD55B41A}"
EndProject
Project("{8BC9CEB8-8B4A-11D0-8D11-00A0C91BC942}") = "XPubCnvFTagLib90", "..\XPubCnvFTag\XPubCnvFTagLib90.vcproj", "{5E103BAC-CB2E-42A3-8801-CB1FF8D0CCED}"
EndProject
Project("{8BC9CEB8-8B4A-11D0-8D11-00A0C91BC942}") = "XPubCnvTPdfLib90", "..\XPubCnvTPdf\XPubCnvTPdfLib90.vcproj", "{59F591ED-BC28-4C53-A872-6EF84DD596D4}"
EndProject
Project("{8BC9CEB8-8B4A-11D0-8D11-00A0C91BC942}") = "XPubCnvTRtfLib", "..\XPubCnvTRtf\XPubCnvTRtfLib90.vcproj", "{9BB0FD67-0048-4130-9644-23A5AB02C5F1}"
EndProject
Project("{8BC9CEB8-8B4A-11D0-8D11-00A0C91BC942}") = "XPubMagicLib90", "..\XPubMagic\XPubMagicLib90.vcproj", "{84534FD8-5484-43C8-862A-E670559F084A}"
EndProject
Project("{8BC9CEB8-8B4A-11D0-8D11-00A0C91BC942}") = "XPubModelLib90", "..\XPubModel\XPubModelLib90.vcproj", "{410F7652-C14D-4E32-AD36-5A2A45EB19D8}"
EndProject
Project("{8BC9CEB8-8B4A-11D0-8D11-00A0C91BC942}") = "XPubPDFLib90", "..\XPubPDF\XPubPDFLib90.vcproj", "{B809AC08-437E-4255-BF92-C015F14DCEFA}"
EndProject
Project("{8BC9CEB8-8B4A-11D0-8D11-00A0C91BC942}") = "XPubRtfCtrlLib", "..\XPubRtfCtrl\XPubRtfCtrlLib90.vcproj", "{80CB24D2-F6EF-4868-BF60-EC19002A8E96}"
EndProject
Project("{8BC9CEB8-8B4A-11D0-8D11-00A0C91BC942}") = "XPubToolsLib", "..\XPubTools\XPubToolsLib90.vcproj", "{E17D15BB-9480-4697-8788-E01F3E4570B3}"
EndProject
Project("{8BC9CEB8-8B4A-11D0-8D11-00A0C91BC942}") = "XPubZipLib", "..\XPubZip\XPubZipLib90.vcproj", "{4C1C0629-C65E-4595-8CAD-4C4981FE6B51}"
EndProject
Project("{8BC9CEB8-8B4A-11D0-8D11-00A0C91BC942}") = "zlib", "..\XPubPDF\zlib\zlib90.vcproj", "{231D2E5A-E7E2-4729-9272-0C7D14E81FE5}"
EndProject
Global
	GlobalSection(SolutionConfigurationPlatforms) = preSolution
		Debug|Win32 = Debug|Win32
		DebugNoPython|Win32 = DebugNoPython|Win32
		Release|Win32 = Release|Win32
		ReleaseNoPython|Win32 = ReleaseNoPython|Win32
	EndGlobalSection
	GlobalSection(ProjectConfigurationPlatforms) = postSolution
		{D3BF3A91-B93A-4181-971E-0B7B4FE1EFB6}.Debug|Win32.ActiveCfg = Debug|Win32
		{D3BF3A91-B93A-4181-971E-0B7B4FE1EFB6}.Debug|Win32.Build.0 = Debug|Win32
		{D3BF3A91-B93A-4181-971E-0B7B4FE1EFB6}.DebugNoPython|Win32.ActiveCfg = Debug|Win32
		{D3BF3A91-B93A-4181-971E-0B7B4FE1EFB6}.DebugNoPython|Win32.Build.0 = Debug|Win32
		{D3BF3A91-B93A-4181-971E-0B7B4FE1EFB6}.Release|Win32.ActiveCfg = Release|Win32
		{D3BF3A91-B93A-4181-971E-0B7B4FE1EFB6}.Release|Win32.Build.0 = Release|Win32
		{D3BF3A91-B93A-4181-971E-0B7B4FE1EFB6}.ReleaseNoPython|Win32.ActiveCfg = Release|Win32
		{D3BF3A91-B93A-4181-971E-0B7B4FE1EFB6}.ReleaseNoPython|Win32.Build.0 = Release|Win32
		{317A38DB-F326-4C39-B0E5-AEABCC5F1AB9}.Debug|Win32.ActiveCfg = Debug|Win32
		{317A38DB-F326-4C39-B0E5-AEABCC5F1AB9}.Debug|Win32.Build.0 = Debug|Win32
		{317A38DB-F326-4C39-B0E5-AEABCC5F1AB9}.DebugNoPython|Win32.ActiveCfg = Debug|Win32
		{317A38DB-F326-4C39-B0E5-AEABCC5F1AB9}.DebugNoPython|Win32.Build.0 = Debug|Win32
		{317A38DB-F326-4C39-B0E5-AEABCC5F1AB9}.Release|Win32.ActiveCfg = Release|Win32
		{317A38DB-F326-4C39-B0E5-AEABCC5F1AB9}.Release|Win32.Build.0 = Release|Win32
		{317A38DB-F326-4C39-B0E5-AEABCC5F1AB9}.ReleaseNoPython|Win32.ActiveCfg = Release|Win32
		{317A38DB-F326-4C39-B0E5-AEABCC5F1AB9}.ReleaseNoPython|Win32.Build.0 = Release|Win32
		{BA2AC776-BE29-4685-8665-E43AAD55B41A}.Debug|Win32.ActiveCfg = Debug|Win32
		{BA2AC776-BE29-4685-8665-E43AAD55B41A}.Debug|Win32.Build.0 = Debug|Win32
		{BA2AC776-BE29-4685-8665-E43AAD55B41A}.DebugNoPython|Win32.ActiveCfg = Debug|Win32
		{BA2AC776-BE29-4685-8665-E43AAD55B41A}.DebugNoPython|Win32.Build.0 = Debug|Win32
		{BA2AC776-BE29-4685-8665-E43AAD55B41A}.Release|Win32.ActiveCfg = Release|Win32
		{BA2AC776-BE29-4685-8665-E43AAD55B41A}.Release|Win32.Build.0 = Release|Win32
		{BA2AC776-BE29-4685-8665-E43AAD55B41A}.ReleaseNoPython|Win32.ActiveCfg = Release|Win32
		{BA2AC776-BE29-4685-8665-E43AAD55B41A}.ReleaseNoPython|Win32.Build.0 = Release|Win32
		{5E103BAC-CB2E-42A3-8801-CB1FF8D0CCED}.Debug|Win32.ActiveCfg = Debug|Win32
		{5E103BAC-CB2E-42A3-8801-CB1FF8D0CCED}.Debug|Win32.Build.0 = Debug|Win32
		{5E103BAC-CB2E-42A3-8801-CB1FF8D0CCED}.DebugNoPython|Win32.ActiveCfg = Debug|Win32
		{5E103BAC-CB2E-42A3-8801-CB1FF8D0CCED}.DebugNoPython|Win32.Build.0 = Debug|Win32
		{5E103BAC-CB2E-42A3-8801-CB1FF8D0CCED}.Release|Win32.ActiveCfg = Release|Win32
		{5E103BAC-CB2E-42A3-8801-CB1FF8D0CCED}.Release|Win32.Build.0 = Release|Win32
		{5E103BAC-CB2E-42A3-8801-CB1FF8D0CCED}.ReleaseNoPython|Win32.ActiveCfg = Release|Win32
		{5E103BAC-CB2E-42A3-8801-CB1FF8D0CCED}.ReleaseNoPython|Win32.Build.0 = Release|Win32
		{59F591ED-BC28-4C53-A872-6EF84DD596D4}.Debug|Win32.ActiveCfg = Debug|Win32
		{59F591ED-BC28-4C53-A872-6EF84DD596D4}.Debug|Win32.Build.0 = Debug|Win32
		{59F591ED-BC28-4C53-A872-6EF84DD596D4}.DebugNoPython|Win32.ActiveCfg = Debug|Win32
		{59F591ED-BC28-4C53-A872-6EF84DD596D4}.DebugNoPython|Win32.Build.0 = Debug|Win32
		{59F591ED-BC28-4C53-A872-6EF84DD596D4}.Release|Win32.ActiveCfg = Release|Win32
		{59F591ED-BC28-4C53-A872-6EF84DD596D4}.Release|Win32.Build.0 = Release|Win32
		{59F591ED-BC28-4C53-A872-6EF84DD596D4}.ReleaseNoPython|Win32.ActiveCfg = Release|Win32
		{59F591ED-BC28-4C53-A872-6EF84DD596D4}.ReleaseNoPython|Win32.Build.0 = Release|Win32
		{9BB0FD67-0048-4130-9644-23A5AB02C5F1}.Debug|Win32.ActiveCfg = Debug|Win32
		{9BB0FD67-0048-4130-9644-23A5AB02C5F1}.Debug|Win32.Build.0 = Debug|Win32
		{9BB0FD67-0048-4130-9644-23A5AB02C5F1}.DebugNoPython|Win32.ActiveCfg = Debug|Win32
		{9BB0FD67-0048-4130-9644-23A5AB02C5F1}.DebugNoPython|Win32.Build.0 = Debug|Win32
		{9BB0FD67-0048-4130-9644-23A5AB02C5F1}.Release|Win32.ActiveCfg = Release|Win32
		{9BB0FD67-0048-4130-9644-23A5AB02C5F1}.Release|Win32.Build.0 = Release|Win32
		{9BB0FD67-0048-4130-9644-23A5AB02C5F1}.ReleaseNoPython|Win32.ActiveCfg = Release|Win32
		{9BB0FD67-0048-4130-9644-23A5AB02C5F1}.ReleaseNoPython|Win32.Build.0 = Release|Win32
		{84534FD8-5484-43C8-862A-E670559F084A}.Debug|Win32.ActiveCfg = Debug|Win32
		{84534FD8-5484-43C8-862A-E670559F084A}.Debug|Win32.Build.0 = Debug|Win32
		{84534FD8-5484-43C8-862A-E670559F084A}.DebugNoPython|Win32.ActiveCfg = Debug|Win32
		{84534FD8-5484-43C8-862A-E670559F084A}.DebugNoPython|Win32.Build.0 = Debug|Win32
		{84534FD8-5484-43C8-862A-E670559F084A}.Release|Win32.ActiveCfg = Release|Win32
		{84534FD8-5484-43C8-862A-E670559F084A}.Release|Win32.Build.0 = Release|Win32
		{84534FD8-5484-43C8-862A-E670559F084A}.ReleaseNoPython|Win32.ActiveCfg = Release|Win32
		{84534FD8-5484-43C8-862A-E670559F084A}.ReleaseNoPython|Win32.Build.0 = Release|Win32
		{410F7652-C14D-4E32-AD36-5A2A45EB19D8}.Debug|Win32.ActiveCfg = Debug|Win32
		{410F7652-C14D-4E32-AD36-5A2A45EB19D8}.Debug|Win32.Build.0 = Debug|Win32
		{410F7652-C14D-4E32-AD36-5A2A45EB19D8}.DebugNoPython|Win32.ActiveCfg = DebugNoPython|Win32
		{410F7652-C14D-4E32-AD36-5A2A45EB19D8}.DebugNoPython|Win32.Build.0 = DebugNoPython|Win32
		{410F7652-C14D-4E32-AD36-5A2A45EB19D8}.Release|Win32.ActiveCfg = Release|Win32
		{410F7652-C14D-4E32-AD36-5A2A45EB19D8}.Release|Win32.Build.0 = Release|Win32
		{410F7652-C14D-4E32-AD36-5A2A45EB19D8}.ReleaseNoPython|Win32.ActiveCfg = ReleaseNoPython|Win32
		{410F7652-C14D-4E32-AD36-5A2A45EB19D8}.ReleaseNoPython|Win32.Build.0 = ReleaseNoPython|Win32
		{B809AC08-437E-4255-BF92-C015F14DCEFA}.Debug|Win32.ActiveCfg = Debug|Win32
		{B809AC08-437E-4255-BF92-C015F14DCEFA}.Debug|Win32.Build.0 = Debug|Win32
		{B809AC08-437E-4255-BF92-C015F14DCEFA}.DebugNoPython|Win32.ActiveCfg = Debug|Win32
		{B809AC08-437E-4255-BF92-C015F14DCEFA}.DebugNoPython|Win32.Build.0 = Debug|Win32
		{B809AC08-437E-4255-BF92-C015F14DCEFA}.Release|Win32.ActiveCfg = Release|Win32
		{B809AC08-437E-4255-BF92-C015F14DCEFA}.Release|Win32.Build.0 = Release|Win32
		{B809AC08-437E-4255-BF92-C015F14DCEFA}.ReleaseNoPython|Win32.ActiveCfg = Release|Win32
		{B809AC08-437E-4255-BF92-C015F14DCEFA}.ReleaseNoPython|Win32.Build.0 = Release|Win32
		{80CB24D2-F6EF-4868-BF60-EC19002A8E96}.Debug|Win32.ActiveCfg = Debug|Win32
		{80CB24D2-F6EF-4868-BF60-EC19002A8E96}.Debug|Win32.Build.0 = Debug|Win32
		{80CB24D2-F6EF-4868-BF60-EC19002A8E96}.DebugNoPython|Win32.ActiveCfg = Debug|Win32
		{80CB24D2-F6EF-4868-BF60-EC19002A8E96}.DebugNoPython|Win32.Build.0 = Debug|Win32
		{80CB24D2-F6EF-4868-BF60-EC19002A8E96}.Release|Win32.ActiveCfg = Release|Win32
		{80CB24D2-F6EF-4868-BF60-EC19002A8E96}.Release|Win32.Build.0 = Release|Win32
		{80CB24D2-F6EF-4868-BF60-EC19002A8E96}.ReleaseNoPython|Win32.ActiveCfg = Release|Win32
		{80CB24D2-F6EF-4868-BF60-EC19002A8E96}.ReleaseNoPython|Win32.Build.0 = Release|Win32
		{E17D15BB-9480-4697-8788-E01F3E4570B3}.Debug|Win32.ActiveCfg = Debug|Win32
		{E17D15BB-9480-4697-8788-E01F3E4570B3}.Debug|Win32.Build.0 = Debug|Win32
		{E17D15BB-9480-4697-8788-E01F3E4570B3}.DebugNoPython|Win32.ActiveCfg = Debug|Win32
		{E17D15BB-9480-4697-8788-E01F3E4570B3}.DebugNoPython|Win32.Build.0 = Debug|Win32
		{E17D15BB-9480-4697-8788-E01F3E4570B3}.Release|Win32.ActiveCfg = Release|Win32
		{E17D15BB-9480-4697-8788-E01F3E4570B3}.Release|Win32.Build.0 = Release|Win32
		{E17D15BB-9480-4697-8788-E01F3E4570B3}.ReleaseNoPython|Win32.ActiveCfg = Release|Win32
		{E17D15BB-9480-4697-8788-E01F3E4570B3}.ReleaseNoPython|Win32.Build.0 = Release|Win32
		{4C1C0629-C65E-4595-8CAD-4C4981FE6B51}.Debug|Win32.ActiveCfg = Debug|Win32
		{4C1C0629-C65E-4595-8CAD-4C4981FE6B51}.Debug|Win32.Build.0 = Debug|Win32
		{4C1C0629-C65E-4595-8CAD-4C4981FE6B51}.DebugNoPython|Win32.ActiveCfg = Debug|Win32
		{4C1C0629-C65E-4595-8CAD-4C4981FE6B51}.DebugNoPython|Win32.Build.0 = Debug|Win32
		{4C1C0629-C65E-4595-8CAD-4C4981FE6B51}.Release|Win32.ActiveCfg = Release|Win32
		{4C1C0629-C65E-4595-8CAD-4C4981FE6B51}.Release|Win32.Build.0 = Release|Win32
		{4C1C0629-C65E-4595-8CAD-4C4981FE6B51}.ReleaseNoPython|Win32.ActiveCfg = Release|Win32
		{4C1C0629-C65E-4595-8CAD-4C4981FE6B51}.ReleaseNoPython|Win32.Build.0 = Release|Win32
		{231D2E5A-E7E2-4729-9272-0C7D14E81FE5}.Debug|Win32.ActiveCfg = Debug|Win32
		{231D2E5A-E7E2-4729-9272-0C7D14E81FE5}.Debug|Win32.Build.0 = Debug|Win32
		{231D2E5A-E7E2-4729-9272-0C7D14E81FE5}.DebugNoPython|Win32.ActiveCfg = Debug|Win32
		{231D2E5A-E7E2-4729-9272-0C7D14E81FE5}.DebugNoPython|Win32.Build.0 = Debug|Win32
		{231D2E5A-E7E2-4729-9272-0C7D14E81FE5}.Release|Win32.ActiveCfg = Release|Win32
		{231D2E5A-E7E2-4729-9272-0C7D14E81FE5}.Release|Win32.Build.0 = Release|Win32
		{231D2E5A-E7E2-4729-9272-0C7D14E81FE5}.ReleaseNoPython|Win32.ActiveCfg = Release|Win32
		{231D2E5A-E7E2-4729-9272-0C7D14E81FE5}.ReleaseNoPython|Win32.Build.0 = Release|Win32
	EndGlobalSection
	GlobalSection(SolutionProperties) = preSolution
		HideSolutionNode = FALSE
	EndGlobalSection
EndGlobal
