Microsoft Visual Studio Solution File, Format Version 8.00
Project("{8BC9CEB8-8B4A-11D0-8D11-00A0C91BC942}") = "XPubTagStd", "XPubTagStd.vcproj", "{D3BF3A91-B93A-4181-971E-0B7B4FE1EFB6}"
	ProjectSection(ProjectDependencies) = postProject
		{B809AC08-437E-4255-BF92-C015F14DCEFA} = {B809AC08-437E-4255-BF92-C015F14DCEFA}
		{4C1C0629-C65E-4595-8CAD-4C4981FE6B51} = {4C1C0629-C65E-4595-8CAD-4C4981FE6B51}
		{410F7652-C14D-4E32-AD36-5A2A45EB19D8} = {410F7652-C14D-4E32-AD36-5A2A45EB19D8}
		{231D2E5A-E7E2-4729-9272-0C7D14E81FE5} = {231D2E5A-E7E2-4729-9272-0C7D14E81FE5}
		{9BB0FD67-0048-4130-9644-23A5AB02C5F1} = {9BB0FD67-0048-4130-9644-23A5AB02C5F1}
		{BA2AC776-BE29-4685-8665-E43AAD55B41A} = {BA2AC776-BE29-4685-8665-E43AAD55B41A}
		{5E103BAC-CB2E-42A3-8801-CB1FF8D0CCED} = {5E103BAC-CB2E-42A3-8801-CB1FF8D0CCED}
		{E17D15BB-9480-4697-8788-E01F3E4570B3} = {E17D15BB-9480-4697-8788-E01F3E4570B3}
		{80CB24D2-F6EF-4868-BF60-EC19002A8E96} = {80CB24D2-F6EF-4868-BF60-EC19002A8E96}
		{84534FD8-5484-43C8-862A-E670559F084A} = {84534FD8-5484-43C8-862A-E670559F084A}
		{317A38DB-F326-4C39-B0E5-AEABCC5F1AB9} = {317A38DB-F326-4C39-B0E5-AEABCC5F1AB9}
		{59F591ED-BC28-4C53-A872-6EF84DD596D4} = {59F591ED-BC28-4C53-A872-6EF84DD596D4}
	EndProjectSection
EndProject
Project("{8BC9CEB8-8B4A-11D0-8D11-00A0C91BC942}") = "libpng", "..\XPubPDF\libpng\libpng.vcproj", "{317A38DB-F326-4C39-B0E5-AEABCC5F1AB9}"
	ProjectSection(ProjectDependencies) = postProject
	EndProjectSection
EndProject
Project("{8BC9CEB8-8B4A-11D0-8D11-00A0C91BC942}") = "XPubAddOnManLib", "..\XPubAddOnMan\XPubAddOnManLib.vcproj", "{BA2AC776-BE29-4685-8665-E43AAD55B41A}"
	ProjectSection(ProjectDependencies) = postProject
	EndProjectSection
EndProject
Project("{8BC9CEB8-8B4A-11D0-8D11-00A0C91BC942}") = "XPubCnvFTagLib", "..\XPubCnvFTag\XPubCnvFTagLib.vcproj", "{5E103BAC-CB2E-42A3-8801-CB1FF8D0CCED}"
	ProjectSection(ProjectDependencies) = postProject
	EndProjectSection
EndProject
Project("{8BC9CEB8-8B4A-11D0-8D11-00A0C91BC942}") = "XPubCnvTPdfLib", "..\XPubCnvTPdf\XPubCnvTPdfLib.vcproj", "{59F591ED-BC28-4C53-A872-6EF84DD596D4}"
	ProjectSection(ProjectDependencies) = postProject
	EndProjectSection
EndProject
Project("{8BC9CEB8-8B4A-11D0-8D11-00A0C91BC942}") = "XPubCnvTRtfLib", "..\XPubCnvTRtf\XPubCnvTRtfLib.vcproj", "{9BB0FD67-0048-4130-9644-23A5AB02C5F1}"
	ProjectSection(ProjectDependencies) = postProject
	EndProjectSection
EndProject
Project("{8BC9CEB8-8B4A-11D0-8D11-00A0C91BC942}") = "XPubMagicLib", "..\XPubMagic\XPubMagicLib.vcproj", "{84534FD8-5484-43C8-862A-E670559F084A}"
	ProjectSection(ProjectDependencies) = postProject
	EndProjectSection
EndProject
Project("{8BC9CEB8-8B4A-11D0-8D11-00A0C91BC942}") = "XPubModelLib", "..\XPubModel\XPubModelLib.vcproj", "{410F7652-C14D-4E32-AD36-5A2A45EB19D8}"
	ProjectSection(ProjectDependencies) = postProject
	EndProjectSection
EndProject
Project("{8BC9CEB8-8B4A-11D0-8D11-00A0C91BC942}") = "XPubPDFLib", "..\XPubPDF\XPubPDFLib.vcproj", "{B809AC08-437E-4255-BF92-C015F14DCEFA}"
	ProjectSection(ProjectDependencies) = postProject
	EndProjectSection
EndProject
Project("{8BC9CEB8-8B4A-11D0-8D11-00A0C91BC942}") = "XPubRtfCtrlLib", "..\XPubRtfCtrl\XPubRtfCtrlLib.vcproj", "{80CB24D2-F6EF-4868-BF60-EC19002A8E96}"
	ProjectSection(ProjectDependencies) = postProject
	EndProjectSection
EndProject
Project("{8BC9CEB8-8B4A-11D0-8D11-00A0C91BC942}") = "XPubToolsLib", "..\XPubTools\XPubToolsLib.vcproj", "{E17D15BB-9480-4697-8788-E01F3E4570B3}"
	ProjectSection(ProjectDependencies) = postProject
	EndProjectSection
EndProject
Project("{8BC9CEB8-8B4A-11D0-8D11-00A0C91BC942}") = "XPubZipLib", "..\XPubZip\XPubZipLib.vcproj", "{4C1C0629-C65E-4595-8CAD-4C4981FE6B51}"
	ProjectSection(ProjectDependencies) = postProject
	EndProjectSection
EndProject
Project("{8BC9CEB8-8B4A-11D0-8D11-00A0C91BC942}") = "zlib", "..\XPubPDF\zlib\zlib.vcproj", "{231D2E5A-E7E2-4729-9272-0C7D14E81FE5}"
	ProjectSection(ProjectDependencies) = postProject
	EndProjectSection
EndProject
Global
	GlobalSection(SolutionConfiguration) = preSolution
		Debug = Debug
		Release = Release
	EndGlobalSection
	GlobalSection(ProjectConfiguration) = postSolution
		{D3BF3A91-B93A-4181-971E-0B7B4FE1EFB6}.Debug.ActiveCfg = Debug|Win32
		{D3BF3A91-B93A-4181-971E-0B7B4FE1EFB6}.Debug.Build.0 = Debug|Win32
		{D3BF3A91-B93A-4181-971E-0B7B4FE1EFB6}.Release.ActiveCfg = Release|Win32
		{D3BF3A91-B93A-4181-971E-0B7B4FE1EFB6}.Release.Build.0 = Release|Win32
		{317A38DB-F326-4C39-B0E5-AEABCC5F1AB9}.Debug.ActiveCfg = Debug|Win32
		{317A38DB-F326-4C39-B0E5-AEABCC5F1AB9}.Debug.Build.0 = Debug|Win32
		{317A38DB-F326-4C39-B0E5-AEABCC5F1AB9}.Release.ActiveCfg = Release|Win32
		{317A38DB-F326-4C39-B0E5-AEABCC5F1AB9}.Release.Build.0 = Release|Win32
		{BA2AC776-BE29-4685-8665-E43AAD55B41A}.Debug.ActiveCfg = Debug|Win32
		{BA2AC776-BE29-4685-8665-E43AAD55B41A}.Debug.Build.0 = Debug|Win32
		{BA2AC776-BE29-4685-8665-E43AAD55B41A}.Release.ActiveCfg = Release|Win32
		{BA2AC776-BE29-4685-8665-E43AAD55B41A}.Release.Build.0 = Release|Win32
		{5E103BAC-CB2E-42A3-8801-CB1FF8D0CCED}.Debug.ActiveCfg = Debug|Win32
		{5E103BAC-CB2E-42A3-8801-CB1FF8D0CCED}.Debug.Build.0 = Debug|Win32
		{5E103BAC-CB2E-42A3-8801-CB1FF8D0CCED}.Release.ActiveCfg = Release|Win32
		{5E103BAC-CB2E-42A3-8801-CB1FF8D0CCED}.Release.Build.0 = Release|Win32
		{59F591ED-BC28-4C53-A872-6EF84DD596D4}.Debug.ActiveCfg = Debug|Win32
		{59F591ED-BC28-4C53-A872-6EF84DD596D4}.Debug.Build.0 = Debug|Win32
		{59F591ED-BC28-4C53-A872-6EF84DD596D4}.Release.ActiveCfg = Release|Win32
		{59F591ED-BC28-4C53-A872-6EF84DD596D4}.Release.Build.0 = Release|Win32
		{9BB0FD67-0048-4130-9644-23A5AB02C5F1}.Debug.ActiveCfg = Debug|Win32
		{9BB0FD67-0048-4130-9644-23A5AB02C5F1}.Debug.Build.0 = Debug|Win32
		{9BB0FD67-0048-4130-9644-23A5AB02C5F1}.Release.ActiveCfg = Release|Win32
		{9BB0FD67-0048-4130-9644-23A5AB02C5F1}.Release.Build.0 = Release|Win32
		{84534FD8-5484-43C8-862A-E670559F084A}.Debug.ActiveCfg = Debug|Win32
		{84534FD8-5484-43C8-862A-E670559F084A}.Debug.Build.0 = Debug|Win32
		{84534FD8-5484-43C8-862A-E670559F084A}.Release.ActiveCfg = Release|Win32
		{84534FD8-5484-43C8-862A-E670559F084A}.Release.Build.0 = Release|Win32
		{410F7652-C14D-4E32-AD36-5A2A45EB19D8}.Debug.ActiveCfg = Debug|Win32
		{410F7652-C14D-4E32-AD36-5A2A45EB19D8}.Debug.Build.0 = Debug|Win32
		{410F7652-C14D-4E32-AD36-5A2A45EB19D8}.Release.ActiveCfg = Release|Win32
		{410F7652-C14D-4E32-AD36-5A2A45EB19D8}.Release.Build.0 = Release|Win32
		{B809AC08-437E-4255-BF92-C015F14DCEFA}.Debug.ActiveCfg = Debug|Win32
		{B809AC08-437E-4255-BF92-C015F14DCEFA}.Debug.Build.0 = Debug|Win32
		{B809AC08-437E-4255-BF92-C015F14DCEFA}.Release.ActiveCfg = Release|Win32
		{B809AC08-437E-4255-BF92-C015F14DCEFA}.Release.Build.0 = Release|Win32
		{80CB24D2-F6EF-4868-BF60-EC19002A8E96}.Debug.ActiveCfg = Debug|Win32
		{80CB24D2-F6EF-4868-BF60-EC19002A8E96}.Debug.Build.0 = Debug|Win32
		{80CB24D2-F6EF-4868-BF60-EC19002A8E96}.Release.ActiveCfg = Release|Win32
		{80CB24D2-F6EF-4868-BF60-EC19002A8E96}.Release.Build.0 = Release|Win32
		{E17D15BB-9480-4697-8788-E01F3E4570B3}.Debug.ActiveCfg = Debug|Win32
		{E17D15BB-9480-4697-8788-E01F3E4570B3}.Debug.Build.0 = Debug|Win32
		{E17D15BB-9480-4697-8788-E01F3E4570B3}.Release.ActiveCfg = Release|Win32
		{E17D15BB-9480-4697-8788-E01F3E4570B3}.Release.Build.0 = Release|Win32
		{4C1C0629-C65E-4595-8CAD-4C4981FE6B51}.Debug.ActiveCfg = Debug|Win32
		{4C1C0629-C65E-4595-8CAD-4C4981FE6B51}.Debug.Build.0 = Debug|Win32
		{4C1C0629-C65E-4595-8CAD-4C4981FE6B51}.Release.ActiveCfg = Release|Win32
		{4C1C0629-C65E-4595-8CAD-4C4981FE6B51}.Release.Build.0 = Release|Win32
		{231D2E5A-E7E2-4729-9272-0C7D14E81FE5}.Debug.ActiveCfg = Debug|Win32
		{231D2E5A-E7E2-4729-9272-0C7D14E81FE5}.Debug.Build.0 = Debug|Win32
		{231D2E5A-E7E2-4729-9272-0C7D14E81FE5}.Release.ActiveCfg = Release|Win32
		{231D2E5A-E7E2-4729-9272-0C7D14E81FE5}.Release.Build.0 = Release|Win32
	EndGlobalSection
	GlobalSection(ExtensibilityGlobals) = postSolution
	EndGlobalSection
	GlobalSection(ExtensibilityAddIns) = postSolution
	EndGlobalSection
EndGlobal
